// !$*UTF8*$!
{
	archiveVersion = 1;
	classes = {
	};
	objectVersion = 46;
	objects = {

/* Begin PBXBuildFile section */
		A1485CCF1BA361ED00A36A60 /* AppDelegate.swift in Sources */ = {isa = PBXBuildFile; fileRef = A1485CCE1BA361ED00A36A60 /* AppDelegate.swift */; };
		A1485CD41BA361ED00A36A60 /* Main.storyboard in Resources */ = {isa = PBXBuildFile; fileRef = A1485CD21BA361ED00A36A60 /* Main.storyboard */; };
		A1485CD61BA361ED00A36A60 /* Assets.xcassets in Resources */ = {isa = PBXBuildFile; fileRef = A1485CD51BA361ED00A36A60 /* Assets.xcassets */; };
		A1485CD91BA361ED00A36A60 /* LaunchScreen.storyboard in Resources */ = {isa = PBXBuildFile; fileRef = A1485CD71BA361ED00A36A60 /* LaunchScreen.storyboard */; };
		A1485CE71BA36B0200A36A60 /* SlidesKit.framework in Frameworks */ = {isa = PBXBuildFile; fileRef = A1485CE61BA36B0200A36A60 /* SlidesKit.framework */; settings = {ASSET_TAGS = (); }; };
		A1485CE91BA36B3500A36A60 /* SlidesKit.framework in Copy Frameworks */ = {isa = PBXBuildFile; fileRef = A1485CE61BA36B0200A36A60 /* SlidesKit.framework */; settings = {ATTRIBUTES = (CodeSignOnCopy, RemoveHeadersOnCopy, ); }; };
		A1485CEC1BA3C54300A36A60 /* shake.png in Resources */ = {isa = PBXBuildFile; fileRef = A1485CEB1BA3C54300A36A60 /* shake.png */; settings = {ASSET_TAGS = (); }; };
		A1485CEF1BA3C89100A36A60 /* LocalFilesPreviewViewController.swift in Sources */ = {isa = PBXBuildFile; fileRef = A1485CED1BA3C89100A36A60 /* LocalFilesPreviewViewController.swift */; settings = {ASSET_TAGS = (); }; };
		A1485CF01BA3C89100A36A60 /* SlidesViewController.swift in Sources */ = {isa = PBXBuildFile; fileRef = A1485CEE1BA3C89100A36A60 /* SlidesViewController.swift */; settings = {ASSET_TAGS = (); }; };
		A1DBE0931BA48B1700D5F9DC /* SlidesBarViewController.swift in Sources */ = {isa = PBXBuildFile; fileRef = A1DBE0921BA48B1700D5F9DC /* SlidesBarViewController.swift */; settings = {ASSET_TAGS = (); }; };
		A1DBE0971BA48DD900D5F9DC /* Dropbox-icon.png in Resources */ = {isa = PBXBuildFile; fileRef = A1DBE0941BA48DD900D5F9DC /* Dropbox-icon.png */; settings = {ASSET_TAGS = (); }; };
		A1DBE0981BA48DD900D5F9DC /* Google-Drive-icon.png in Resources */ = {isa = PBXBuildFile; fileRef = A1DBE0951BA48DD900D5F9DC /* Google-Drive-icon.png */; settings = {ASSET_TAGS = (); }; };
		A1DBE0991BA48DD900D5F9DC /* Settings-icon.png in Resources */ = {isa = PBXBuildFile; fileRef = A1DBE0961BA48DD900D5F9DC /* Settings-icon.png */; settings = {ASSET_TAGS = (); }; };
		A1DBE09B1BA4931C00D5F9DC /* Local-Files-icon.png in Resources */ = {isa = PBXBuildFile; fileRef = A1DBE09A1BA4931C00D5F9DC /* Local-Files-icon.png */; settings = {ASSET_TAGS = (); }; };
		A1DBE1231BA4E0E100D5F9DC /* ContainerViewController.swift in Sources */ = {isa = PBXBuildFile; fileRef = A1DBE1221BA4E0E100D5F9DC /* ContainerViewController.swift */; settings = {ASSET_TAGS = (); }; };
/* End PBXBuildFile section */

/* Begin PBXCopyFilesBuildPhase section */
		A1485CE81BA36B2400A36A60 /* Copy Frameworks */ = {
			isa = PBXCopyFilesBuildPhase;
			buildActionMask = 2147483647;
			dstPath = "";
			dstSubfolderSpec = 10;
			files = (
				A1485CE91BA36B3500A36A60 /* SlidesKit.framework in Copy Frameworks */,
			);
			name = "Copy Frameworks";
			runOnlyForDeploymentPostprocessing = 0;
		};
/* End PBXCopyFilesBuildPhase section */

/* Begin PBXFileReference section */
		A1485CCB1BA361ED00A36A60 /* AirFlip.app */ = {isa = PBXFileReference; explicitFileType = wrapper.application; includeInIndex = 0; path = AirFlip.app; sourceTree = BUILT_PRODUCTS_DIR; };
		A1485CCE1BA361ED00A36A60 /* AppDelegate.swift */ = {isa = PBXFileReference; lastKnownFileType = sourcecode.swift; path = AppDelegate.swift; sourceTree = "<group>"; };
		A1485CD31BA361ED00A36A60 /* Base */ = {isa = PBXFileReference; lastKnownFileType = file.storyboard; name = Base; path = Base.lproj/Main.storyboard; sourceTree = "<group>"; };
		A1485CD51BA361ED00A36A60 /* Assets.xcassets */ = {isa = PBXFileReference; lastKnownFileType = folder.assetcatalog; path = Assets.xcassets; sourceTree = "<group>"; };
		A1485CD81BA361ED00A36A60 /* Base */ = {isa = PBXFileReference; lastKnownFileType = file.storyboard; name = Base; path = Base.lproj/LaunchScreen.storyboard; sourceTree = "<group>"; };
		A1485CDA1BA361ED00A36A60 /* Info.plist */ = {isa = PBXFileReference; lastKnownFileType = text.plist.xml; path = Info.plist; sourceTree = "<group>"; };
		A1485CE61BA36B0200A36A60 /* SlidesKit.framework */ = {isa = PBXFileReference; lastKnownFileType = wrapper.framework; path = SlidesKit.framework; sourceTree = "<group>"; };
		A1485CEB1BA3C54300A36A60 /* shake.png */ = {isa = PBXFileReference; lastKnownFileType = image.png; path = shake.png; sourceTree = "<group>"; };
		A1485CED1BA3C89100A36A60 /* LocalFilesPreviewViewController.swift */ = {isa = PBXFileReference; fileEncoding = 4; lastKnownFileType = sourcecode.swift; path = LocalFilesPreviewViewController.swift; sourceTree = "<group>"; };
		A1485CEE1BA3C89100A36A60 /* SlidesViewController.swift */ = {isa = PBXFileReference; fileEncoding = 4; lastKnownFileType = sourcecode.swift; path = SlidesViewController.swift; sourceTree = "<group>"; };
		A1DBE0921BA48B1700D5F9DC /* SlidesBarViewController.swift */ = {isa = PBXFileReference; fileEncoding = 4; lastKnownFileType = sourcecode.swift; path = SlidesBarViewController.swift; sourceTree = "<group>"; };
		A1DBE0941BA48DD900D5F9DC /* Dropbox-icon.png */ = {isa = PBXFileReference; lastKnownFileType = image.png; path = "Dropbox-icon.png"; sourceTree = "<group>"; };
		A1DBE0951BA48DD900D5F9DC /* Google-Drive-icon.png */ = {isa = PBXFileReference; lastKnownFileType = image.png; path = "Google-Drive-icon.png"; sourceTree = "<group>"; };
		A1DBE0961BA48DD900D5F9DC /* Settings-icon.png */ = {isa = PBXFileReference; lastKnownFileType = image.png; path = "Settings-icon.png"; sourceTree = "<group>"; };
		A1DBE09A1BA4931C00D5F9DC /* Local-Files-icon.png */ = {isa = PBXFileReference; lastKnownFileType = image.png; path = "Local-Files-icon.png"; sourceTree = "<group>"; };
		A1DBE1221BA4E0E100D5F9DC /* ContainerViewController.swift */ = {isa = PBXFileReference; fileEncoding = 4; lastKnownFileType = sourcecode.swift; path = ContainerViewController.swift; sourceTree = "<group>"; };
/* End PBXFileReference section */

/* Begin PBXFrameworksBuildPhase section */
		A1485CC81BA361ED00A36A60 /* Frameworks */ = {
			isa = PBXFrameworksBuildPhase;
			buildActionMask = 2147483647;
			files = (
				A1485CE71BA36B0200A36A60 /* SlidesKit.framework in Frameworks */,
			);
			runOnlyForDeploymentPostprocessing = 0;
		};
/* End PBXFrameworksBuildPhase section */

/* Begin PBXGroup section */
		A1485CC21BA361ED00A36A60 = {
			isa = PBXGroup;
			children = (
				A1DBE08F1BA4889B00D5F9DC /* MicrosoftBand */,
				A1485CEA1BA3C54300A36A60 /* Resourses */,
				A1485CE51BA36B0200A36A60 /* Frameworks */,
				A1485CCD1BA361ED00A36A60 /* AirFlip */,
				A1485CCC1BA361ED00A36A60 /* Products */,
			);
			sourceTree = "<group>";
		};
		A1485CCC1BA361ED00A36A60 /* Products */ = {
			isa = PBXGroup;
			children = (
				A1485CCB1BA361ED00A36A60 /* AirFlip.app */,
			);
			name = Products;
			sourceTree = "<group>";
		};
		A1485CCD1BA361ED00A36A60 /* AirFlip */ = {
			isa = PBXGroup;
			children = (
				A1485CED1BA3C89100A36A60 /* LocalFilesPreviewViewController.swift */,
				A1485CEE1BA3C89100A36A60 /* SlidesViewController.swift */,
				A1485CCE1BA361ED00A36A60 /* AppDelegate.swift */,
				A1485CD21BA361ED00A36A60 /* Main.storyboard */,
				A1485CD51BA361ED00A36A60 /* Assets.xcassets */,
				A1485CD71BA361ED00A36A60 /* LaunchScreen.storyboard */,
				A1485CDA1BA361ED00A36A60 /* Info.plist */,
				A1DBE0921BA48B1700D5F9DC /* SlidesBarViewController.swift */,
				A1DBE1221BA4E0E100D5F9DC /* ContainerViewController.swift */,
			);
			path = AirFlip;
			sourceTree = "<group>";
		};
		A1485CE51BA36B0200A36A60 /* Frameworks */ = {
			isa = PBXGroup;
			children = (
				A1485CE61BA36B0200A36A60 /* SlidesKit.framework */,
			);
			path = Frameworks;
			sourceTree = "<group>";
		};
		A1485CEA1BA3C54300A36A60 /* Resourses */ = {
			isa = PBXGroup;
			children = (
				A1485CEB1BA3C54300A36A60 /* shake.png */,
				A1DBE09A1BA4931C00D5F9DC /* Local-Files-icon.png */,
				A1DBE0941BA48DD900D5F9DC /* Dropbox-icon.png */,
				A1DBE0951BA48DD900D5F9DC /* Google-Drive-icon.png */,
				A1DBE0961BA48DD900D5F9DC /* Settings-icon.png */,
			);
			path = Resourses;
			sourceTree = "<group>";
		};
		A1DBE08F1BA4889B00D5F9DC /* MicrosoftBand */ = {
			isa = PBXGroup;
			children = (
			);
			name = MicrosoftBand;
			sourceTree = "<group>";
		};
/* End PBXGroup section */

/* Begin PBXNativeTarget section */
		A1485CCA1BA361ED00A36A60 /* AirFlip */ = {
			isa = PBXNativeTarget;
			buildConfigurationList = A1485CDD1BA361ED00A36A60 /* Build configuration list for PBXNativeTarget "AirFlip" */;
			buildPhases = (
				A1485CC71BA361ED00A36A60 /* Sources */,
				A1485CC81BA361ED00A36A60 /* Frameworks */,
				A1485CC91BA361ED00A36A60 /* Resources */,
				A1485CE81BA36B2400A36A60 /* Copy Frameworks */,
			);
			buildRules = (
			);
			dependencies = (
			);
			name = AirFlip;
			productName = AirFlip;
			productReference = A1485CCB1BA361ED00A36A60 /* AirFlip.app */;
			productType = "com.apple.product-type.application";
		};
/* End PBXNativeTarget section */

/* Begin PBXProject section */
		A1485CC31BA361ED00A36A60 /* Project object */ = {
			isa = PBXProject;
			attributes = {
				LastUpgradeCheck = 0700;
				ORGANIZATIONNAME = fullstackpug;
				TargetAttributes = {
					A1485CCA1BA361ED00A36A60 = {
						CreatedOnToolsVersion = 7.0;
						DevelopmentTeam = J6AJQ8THRK;
					};
				};
			};
			buildConfigurationList = A1485CC61BA361ED00A36A60 /* Build configuration list for PBXProject "AirFlip" */;
			compatibilityVersion = "Xcode 3.2";
			developmentRegion = English;
			hasScannedForEncodings = 0;
			knownRegions = (
				en,
				Base,
			);
			mainGroup = A1485CC21BA361ED00A36A60;
			productRefGroup = A1485CCC1BA361ED00A36A60 /* Products */;
			projectDirPath = "";
			projectRoot = "";
			targets = (
				A1485CCA1BA361ED00A36A60 /* AirFlip */,
			);
		};
/* End PBXProject section */

/* Begin PBXResourcesBuildPhase section */
		A1485CC91BA361ED00A36A60 /* Resources */ = {
			isa = PBXResourcesBuildPhase;
			buildActionMask = 2147483647;
			files = (
				A1DBE09B1BA4931C00D5F9DC /* Local-Files-icon.png in Resources */,
				A1485CEC1BA3C54300A36A60 /* shake.png in Resources */,
				A1DBE0991BA48DD900D5F9DC /* Settings-icon.png in Resources */,
				A1485CD91BA361ED00A36A60 /* LaunchScreen.storyboard in Resources */,
				A1DBE0981BA48DD900D5F9DC /* Google-Drive-icon.png in Resources */,
				A1DBE0971BA48DD900D5F9DC /* Dropbox-icon.png in Resources */,
				A1485CD61BA361ED00A36A60 /* Assets.xcassets in Resources */,
				A1485CD41BA361ED00A36A60 /* Main.storyboard in Resources */,
			);
			runOnlyForDeploymentPostprocessing = 0;
		};
/* End PBXResourcesBuildPhase section */

/* Begin PBXSourcesBuildPhase section */
		A1485CC71BA361ED00A36A60 /* Sources */ = {
			isa = PBXSourcesBuildPhase;
			buildActionMask = 2147483647;
			files = (
				A1DBE0931BA48B1700D5F9DC /* SlidesBarViewController.swift in Sources */,
				A1485CCF1BA361ED00A36A60 /* AppDelegate.swift in Sources */,
				A1DBE1231BA4E0E100D5F9DC /* ContainerViewController.swift in Sources */,
				A1485CEF1BA3C89100A36A60 /* LocalFilesPreviewViewController.swift in Sources */,
				A1485CF01BA3C89100A36A60 /* SlidesViewController.swift in Sources */,
			);
			runOnlyForDeploymentPostprocessing = 0;
		};
/* End PBXSourcesBuildPhase section */

/* Begin PBXVariantGroup section */
		A1485CD21BA361ED00A36A60 /* Main.storyboard */ = {
			isa = PBXVariantGroup;
			children = (
				A1485CD31BA361ED00A36A60 /* Base */,
			);
			name = Main.storyboard;
			sourceTree = "<group>";
		};
		A1485CD71BA361ED00A36A60 /* LaunchScreen.storyboard */ = {
			isa = PBXVariantGroup;
			children = (
				A1485CD81BA361ED00A36A60 /* Base */,
			);
			name = LaunchScreen.storyboard;
			sourceTree = "<group>";
		};
/* End PBXVariantGroup section */

/* Begin XCBuildConfiguration section */
		A1485CDB1BA361ED00A36A60 /* Debug */ = {
			isa = XCBuildConfiguration;
			buildSettings = {
				ALWAYS_SEARCH_USER_PATHS = NO;
				CLANG_CXX_LANGUAGE_STANDARD = "gnu++0x";
				CLANG_CXX_LIBRARY = "libc++";
				CLANG_ENABLE_MODULES = YES;
				CLANG_ENABLE_OBJC_ARC = YES;
				CLANG_WARN_BOOL_CONVERSION = YES;
				CLANG_WARN_CONSTANT_CONVERSION = YES;
				CLANG_WARN_DIRECT_OBJC_ISA_USAGE = YES_ERROR;
				CLANG_WARN_EMPTY_BODY = YES;
				CLANG_WARN_ENUM_CONVERSION = YES;
				CLANG_WARN_INT_CONVERSION = YES;
				CLANG_WARN_OBJC_ROOT_CLASS = YES_ERROR;
				CLANG_WARN_UNREACHABLE_CODE = YES;
				CLANG_WARN__DUPLICATE_METHOD_MATCH = YES;
				"CODE_SIGN_IDENTITY[sdk=iphoneos*]" = "iPhone Developer";
				COPY_PHASE_STRIP = NO;
				DEBUG_INFORMATION_FORMAT = dwarf;
				ENABLE_STRICT_OBJC_MSGSEND = YES;
				ENABLE_TESTABILITY = YES;
				GCC_C_LANGUAGE_STANDARD = gnu99;
				GCC_DYNAMIC_NO_PIC = NO;
				GCC_NO_COMMON_BLOCKS = YES;
				GCC_OPTIMIZATION_LEVEL = 0;
				GCC_PREPROCESSOR_DEFINITIONS = (
					"DEBUG=1",
					"$(inherited)",
				);
				GCC_WARN_64_TO_32_BIT_CONVERSION = YES;
				GCC_WARN_ABOUT_RETURN_TYPE = YES_ERROR;
				GCC_WARN_UNDECLARED_SELECTOR = YES;
				GCC_WARN_UNINITIALIZED_AUTOS = YES_AGGRESSIVE;
				GCC_WARN_UNUSED_FUNCTION = YES;
				GCC_WARN_UNUSED_VARIABLE = YES;
				IPHONEOS_DEPLOYMENT_TARGET = 9.0;
				MTL_ENABLE_DEBUG_INFO = YES;
				ONLY_ACTIVE_ARCH = YES;
				SDKROOT = iphoneos;
				SWIFT_OPTIMIZATION_LEVEL = "-Onone";
			};
			name = Debug;
		};
		A1485CDC1BA361ED00A36A60 /* Release */ = {
			isa = XCBuildConfiguration;
			buildSettings = {
				ALWAYS_SEARCH_USER_PATHS = NO;
				CLANG_CXX_LANGUAGE_STANDARD = "gnu++0x";
				CLANG_CXX_LIBRARY = "libc++";
				CLANG_ENABLE_MODULES = YES;
				CLANG_ENABLE_OBJC_ARC = YES;
				CLANG_WARN_BOOL_CONVERSION = YES;
				CLANG_WARN_CONSTANT_CONVERSION = YES;
				CLANG_WARN_DIRECT_OBJC_ISA_USAGE = YES_ERROR;
				CLANG_WARN_EMPTY_BODY = YES;
				CLANG_WARN_ENUM_CONVERSION = YES;
				CLANG_WARN_INT_CONVERSION = YES;
				CLANG_WARN_OBJC_ROOT_CLASS = YES_ERROR;
				CLANG_WARN_UNREACHABLE_CODE = YES;
				CLANG_WARN__DUPLICATE_METHOD_MATCH = YES;
				"CODE_SIGN_IDENTITY[sdk=iphoneos*]" = "iPhone Developer";
				COPY_PHASE_STRIP = NO;
				DEBUG_INFORMATION_FORMAT = "dwarf-with-dsym";
				ENABLE_NS_ASSERTIONS = NO;
				ENABLE_STRICT_OBJC_MSGSEND = YES;
				GCC_C_LANGUAGE_STANDARD = gnu99;
				GCC_NO_COMMON_BLOCKS = YES;
				GCC_WARN_64_TO_32_BIT_CONVERSION = YES;
				GCC_WARN_ABOUT_RETURN_TYPE = YES_ERROR;
				GCC_WARN_UNDECLARED_SELECTOR = YES;
				GCC_WARN_UNINITIALIZED_AUTOS = YES_AGGRESSIVE;
				GCC_WARN_UNUSED_FUNCTION = YES;
				GCC_WARN_UNUSED_VARIABLE = YES;
				IPHONEOS_DEPLOYMENT_TARGET = 9.0;
				MTL_ENABLE_DEBUG_INFO = NO;
				SDKROOT = iphoneos;
				VALIDATE_PRODUCT = YES;
			};
			name = Release;
		};
		A1485CDE1BA361ED00A36A60 /* Debug */ = {
			isa = XCBuildConfiguration;
			buildSettings = {
				ASSETCATALOG_COMPILER_APPICON_NAME = AppIcon;
				CODE_SIGN_IDENTITY = "iPhone Developer";
				FRAMEWORK_SEARCH_PATHS = (
					"$(inherited)",
					"$(PROJECT_DIR)/Frameworks",
				);
				INFOPLIST_FILE = AirFlip/Info.plist;
				LD_RUNPATH_SEARCH_PATHS = "$(inherited) @executable_path/Frameworks";
				PRODUCT_BUNDLE_IDENTIFIER = com.fullstackpug.AirFlip;
				PRODUCT_NAME = "$(TARGET_NAME)";
			};
			name = Debug;
		};
		A1485CDF1BA361ED00A36A60 /* Release */ = {
			isa = XCBuildConfiguration;
			buildSettings = {
				ASSETCATALOG_COMPILER_APPICON_NAME = AppIcon;
				CODE_SIGN_IDENTITY = "iPhone Developer";
				FRAMEWORK_SEARCH_PATHS = (
					"$(inherited)",
					"$(PROJECT_DIR)/Frameworks",
				);
				INFOPLIST_FILE = AirFlip/Info.plist;
				LD_RUNPATH_SEARCH_PATHS = "$(inherited) @executable_path/Frameworks";
				PRODUCT_BUNDLE_IDENTIFIER = com.fullstackpug.AirFlip;
				PRODUCT_NAME = "$(TARGET_NAME)";
			};
			name = Release;
		};
/* End XCBuildConfiguration section */

/* Begin XCConfigurationList section */
		A1485CC61BA361ED00A36A60 /* Build configuration list for PBXProject "AirFlip" */ = {
			isa = XCConfigurationList;
			buildConfigurations = (
				A1485CDB1BA361ED00A36A60 /* Debug */,
				A1485CDC1BA361ED00A36A60 /* Release */,
			);
			defaultConfigurationIsVisible = 0;
			defaultConfigurationName = Release;
		};
		A1485CDD1BA361ED00A36A60 /* Build configuration list for PBXNativeTarget "AirFlip" */ = {
			isa = XCConfigurationList;
			buildConfigurations = (
				A1485CDE1BA361ED00A36A60 /* Debug */,
				A1485CDF1BA361ED00A36A60 /* Release */,
			);
			defaultConfigurationIsVisible = 0;
			defaultConfigurationName = Release;
		};
/* End XCConfigurationList section */
	};
	rootObject = A1485CC31BA361ED00A36A60 /* Project object */;
}
